
Microsoft Visual Studio Solution File, Format Version 12.00
# Visual Studio Version 16
VisualStudioVersion = 16.0.30413.136
MinimumVisualStudioVersion = 10.0.40219.1
Project("{FAE04EC0-301F-11D3-BF4B-00C04F79EFBC}") = "WebApplication1", "WebApplication1.csproj", "{DFF0201B-A245-477B-9BE1-018625D67571}"
EndProject
Global
	GlobalSection(SolutionConfigurationPlatforms) = preSolution
		Debug|Any CPU = Debug|Any CPU
		Release|Any CPU = Release|Any CPU
	EndGlobalSection
	GlobalSection(ProjectConfigurationPlatforms) = postSolution
		{DFF0201B-A245-477B-9BE1-018625D67571}.Debug|Any CPU.ActiveCfg = Debug|Any CPU
		{DFF0201B-A245-477B-9BE1-018625D67571}.Debug|Any CPU.Build.0 = Debug|Any CPU
		{DFF0201B-A245-477B-9BE1-018625D67571}.Release|Any CPU.ActiveCfg = Release|Any CPU
		{DFF0201B-A245-477B-9BE1-018625D67571}.Release|Any CPU.Build.0 = Release|Any CPU
	EndGlobalSection
	GlobalSection(SolutionProperties) = preSolution
		HideSolutionNode = FALSE
	EndGlobalSection
	GlobalSection(ExtensibilityGlobals) = postSolution
		SolutionGuid = {78941C08-70B3-4448-ADFB-7FA1C0A98BEF}
	EndGlobalSection
EndGlobal
